
Microsoft Visual Studio Solution File, Format Version 12.00
# Visual Studio Version 17
VisualStudioVersion = 17.10.35004.147
MinimumVisualStudioVersion = 10.0.40219.1
Project("{FAE04EC0-301F-11D3-BF4B-00C04F79EFBC}") = "HabitTrackerTheCSharpACademy", "HabitTrackerTheCSharpACademy.csproj", "{2CFA4E80-C419-494A-844E-88DF09E77141}"
EndProject
Global
	GlobalSection(SolutionConfigurationPlatforms) = preSolution
		Debug|Any CPU = Debug|Any CPU
		Release|Any CPU = Release|Any CPU
	EndGlobalSection
	GlobalSection(ProjectConfigurationPlatforms) = postSolution
		{2CFA4E80-C419-494A-844E-88DF09E77141}.Debug|Any CPU.ActiveCfg = Debug|Any CPU
		{2CFA4E80-C419-494A-844E-88DF09E77141}.Debug|Any CPU.Build.0 = Debug|Any CPU
		{2CFA4E80-C419-494A-844E-88DF09E77141}.Release|Any CPU.ActiveCfg = Release|Any CPU
		{2CFA4E80-C419-494A-844E-88DF09E77141}.Release|Any CPU.Build.0 = Release|Any CPU
	EndGlobalSection
	GlobalSection(SolutionProperties) = preSolution
		HideSolutionNode = FALSE
	EndGlobalSection
	GlobalSection(ExtensibilityGlobals) = postSolution
		SolutionGuid = {AFEBAE1F-0C39-448E-BF4C-50B7CE578427}
	EndGlobalSection
EndGlobal
